
Microsoft Visual Studio Solution File, Format Version 12.00
# Visual Studio 15
VisualStudioVersion = 15.0.26403.7
MinimumVisualStudioVersion = 10.0.40219.1
Project("{FAE04EC0-301F-11D3-BF4B-00C04F79EFBC}") = "PerformanceDemo", "PerformanceDemo\PerformanceDemo.csproj", "{F7155B05-6377-426E-B77B-40D629189DD5}"
EndProject
Global
	GlobalSection(Performance) = preSolution
		HasPerformanceSessions = true
	EndGlobalSection
	GlobalSection(SolutionConfigurationPlatforms) = preSolution
		Debug|Any CPU = Debug|Any CPU
		Release|Any CPU = Release|Any CPU
	EndGlobalSection
	GlobalSection(ProjectConfigurationPlatforms) = postSolution
		{F7155B05-6377-426E-B77B-40D629189DD5}.Debug|Any CPU.ActiveCfg = Debug|Any CPU
		{F7155B05-6377-426E-B77B-40D629189DD5}.Debug|Any CPU.Build.0 = Debug|Any CPU
		{F7155B05-6377-426E-B77B-40D629189DD5}.Release|Any CPU.ActiveCfg = Release|Any CPU
		{F7155B05-6377-426E-B77B-40D629189DD5}.Release|Any CPU.Build.0 = Release|Any CPU
	EndGlobalSection
	GlobalSection(SolutionProperties) = preSolution
		HideSolutionNode = FALSE
	EndGlobalSection
	GlobalSection(ExtensibilityGlobals) = postSolution
		SolutionGuid = {1FDE3973-0318-4319-A916-3096BCAA6C2E}
	EndGlobalSection
EndGlobal
